
Microsoft Visual Studio Solution File, Format Version 12.00
# Visual Studio Version 16
VisualStudioVersion = 16.0.33423.256
MinimumVisualStudioVersion = 10.0.40219.1
Project("{FAE04EC0-301F-11D3-BF4B-00C04F79EFBC}") = "Lab 26_PP", "Lab 26_PP\Lab 26_PP.csproj", "{FA042533-0541-40CA-8571-8FB097631268}"
EndProject
Global
	GlobalSection(SolutionConfigurationPlatforms) = preSolution
		Debug|Any CPU = Debug|Any CPU
		Release|Any CPU = Release|Any CPU
	EndGlobalSection
	GlobalSection(ProjectConfigurationPlatforms) = postSolution
		{FA042533-0541-40CA-8571-8FB097631268}.Debug|Any CPU.ActiveCfg = Debug|Any CPU
		{FA042533-0541-40CA-8571-8FB097631268}.Debug|Any CPU.Build.0 = Debug|Any CPU
		{FA042533-0541-40CA-8571-8FB097631268}.Release|Any CPU.ActiveCfg = Release|Any CPU
		{FA042533-0541-40CA-8571-8FB097631268}.Release|Any CPU.Build.0 = Release|Any CPU
	EndGlobalSection
	GlobalSection(SolutionProperties) = preSolution
		HideSolutionNode = FALSE
	EndGlobalSection
	GlobalSection(ExtensibilityGlobals) = postSolution
		SolutionGuid = {FE91D773-8A59-4C76-95C1-E0351A3E2C8C}
	EndGlobalSection
EndGlobal
