
Microsoft Visual Studio Solution File, Format Version 12.00
# Visual Studio Version 17
VisualStudioVersion = 17.4.33213.308
MinimumVisualStudioVersion = 10.0.40219.1
Project("{FAE04EC0-301F-11D3-BF4B-00C04F79EFBC}") = "lab25", "lab25\lab25.csproj", "{453282AF-9031-43D2-9005-900300C56A82}"
EndProject
Global
	GlobalSection(SolutionConfigurationPlatforms) = preSolution
		Debug|Any CPU = Debug|Any CPU
		Release|Any CPU = Release|Any CPU
	EndGlobalSection
	GlobalSection(ProjectConfigurationPlatforms) = postSolution
		{453282AF-9031-43D2-9005-900300C56A82}.Debug|Any CPU.ActiveCfg = Debug|Any CPU
		{453282AF-9031-43D2-9005-900300C56A82}.Debug|Any CPU.Build.0 = Debug|Any CPU
		{453282AF-9031-43D2-9005-900300C56A82}.Release|Any CPU.ActiveCfg = Release|Any CPU
		{453282AF-9031-43D2-9005-900300C56A82}.Release|Any CPU.Build.0 = Release|Any CPU
	EndGlobalSection
	GlobalSection(SolutionProperties) = preSolution
		HideSolutionNode = FALSE
	EndGlobalSection
	GlobalSection(ExtensibilityGlobals) = postSolution
		SolutionGuid = {01CF3193-70B2-4485-B9A2-3192D2F3B3DB}
	EndGlobalSection
EndGlobal
