
Microsoft Visual Studio Solution File, Format Version 12.00
# Visual Studio Version 17
VisualStudioVersion = 17.4.33213.308
MinimumVisualStudioVersion = 10.0.40219.1
Project("{FAE04EC0-301F-11D3-BF4B-00C04F79EFBC}") = "PP_WPF", "PP_WPF\PP_WPF.csproj", "{68AEC91B-0D0F-4FC6-955F-2EF645ED08D4}"
EndProject
Global
	GlobalSection(SolutionConfigurationPlatforms) = preSolution
		Debug|Any CPU = Debug|Any CPU
		Release|Any CPU = Release|Any CPU
	EndGlobalSection
	GlobalSection(ProjectConfigurationPlatforms) = postSolution
		{68AEC91B-0D0F-4FC6-955F-2EF645ED08D4}.Debug|Any CPU.ActiveCfg = Debug|Any CPU
		{68AEC91B-0D0F-4FC6-955F-2EF645ED08D4}.Debug|Any CPU.Build.0 = Debug|Any CPU
		{68AEC91B-0D0F-4FC6-955F-2EF645ED08D4}.Release|Any CPU.ActiveCfg = Release|Any CPU
		{68AEC91B-0D0F-4FC6-955F-2EF645ED08D4}.Release|Any CPU.Build.0 = Release|Any CPU
	EndGlobalSection
	GlobalSection(SolutionProperties) = preSolution
		HideSolutionNode = FALSE
	EndGlobalSection
	GlobalSection(ExtensibilityGlobals) = postSolution
		SolutionGuid = {189B48C7-DB1A-4A17-AAD4-D7E467DE3A3D}
	EndGlobalSection
EndGlobal
