Microsoft Visual Studio Solution File, Format Version 12.00
# Visual Studio Version 17
VisualStudioVersion = 17.3.32811.315
MinimumVisualStudioVersion = 10.0.40219.1
Project("{9A19103F-16F7-4668-BE54-9A1E7A4F7556}") = "MvcApp", "MvcApp\MvcApp.csproj", "{2851892B-A8BD-43DB-8E18-654648F787CC}"
EndProject
Project("{FAE04EC0-301F-11D3-BF4B-00C04F79EFBC}") = "WebApplication1", "WebApplication1\WebApplication1.csproj", "{8B67662B-3F60-4109-ACF4-9ABD8C93B632}"
EndProject
Project("{FAE04EC0-301F-11D3-BF4B-00C04F79EFBC}") = "App1.Android", "App1\App1.Android\App1.Android.csproj", "{DEE13C15-598A-47E1-BB61-B850E8711D16}"
EndProject
Project("{FAE04EC0-301F-11D3-BF4B-00C04F79EFBC}") = "App1.iOS", "App1\App1.iOS\App1.iOS.csproj", "{2FB6B787-D8E7-40F3-B859-5C47028D9835}"
EndProject
Project("{FAE04EC0-301F-11D3-BF4B-00C04F79EFBC}") = "App1", "App1\App1\App1.csproj", "{2D5BECD8-44F1-4C6E-97F7-74F1EE9C3010}"
EndProject
Project("{FAE04EC0-301F-11D3-BF4B-00C04F79EFBC}") = "UDPChat", "UDPChat\UDPChat.csproj", "{1EE3C23C-8673-4C3C-BE73-AA760F697B0B}"
EndProject
Project("{9A19103F-16F7-4668-BE54-9A1E7A4F7556}") = "People", "28-3\People\People.csproj", "{F4B3E642-FD25-45AB-BF40-DC61953D9E6B}"
EndProject
Project("{FAE04EC0-301F-11D3-BF4B-00C04F79EFBC}") = "People.Android", "28-3\People.Android\People.Android.csproj", "{746CD883-629E-47C7-B5CA-C1E646AD3291}"
EndProject
Global
	GlobalSection(SolutionConfigurationPlatforms) = preSolution
		Debug|Any CPU = Debug|Any CPU
		Debug|iPhone = Debug|iPhone
		Debug|iPhoneSimulator = Debug|iPhoneSimulator
		Release|Any CPU = Release|Any CPU
		Release|iPhone = Release|iPhone
		Release|iPhoneSimulator = Release|iPhoneSimulator
	EndGlobalSection
	GlobalSection(ProjectConfigurationPlatforms) = postSolution
		{2851892B-A8BD-43DB-8E18-654648F787CC}.Debug|Any CPU.ActiveCfg = Debug|Any CPU
		{2851892B-A8BD-43DB-8E18-654648F787CC}.Debug|Any CPU.Build.0 = Debug|Any CPU
		{2851892B-A8BD-43DB-8E18-654648F787CC}.Debug|iPhone.ActiveCfg = Debug|Any CPU
		{2851892B-A8BD-43DB-8E18-654648F787CC}.Debug|iPhone.Build.0 = Debug|Any CPU
		{2851892B-A8BD-43DB-8E18-654648F787CC}.Debug|iPhoneSimulator.ActiveCfg = Debug|Any CPU
		{2851892B-A8BD-43DB-8E18-654648F787CC}.Debug|iPhoneSimulator.Build.0 = Debug|Any CPU
		{2851892B-A8BD-43DB-8E18-654648F787CC}.Release|Any CPU.ActiveCfg = Release|Any CPU
		{2851892B-A8BD-43DB-8E18-654648F787CC}.Release|Any CPU.Build.0 = Release|Any CPU
		{2851892B-A8BD-43DB-8E18-654648F787CC}.Release|iPhone.ActiveCfg = Release|Any CPU
		{2851892B-A8BD-43DB-8E18-654648F787CC}.Release|iPhone.Build.0 = Release|Any CPU
		{2851892B-A8BD-43DB-8E18-654648F787CC}.Release|iPhoneSimulator.ActiveCfg = Release|Any CPU
		{2851892B-A8BD-43DB-8E18-654648F787CC}.Release|iPhoneSimulator.Build.0 = Release|Any CPU
		{8B67662B-3F60-4109-ACF4-9ABD8C93B632}.Debug|Any CPU.ActiveCfg = Debug|Any CPU
		{8B67662B-3F60-4109-ACF4-9ABD8C93B632}.Debug|Any CPU.Build.0 = Debug|Any CPU
		{8B67662B-3F60-4109-ACF4-9ABD8C93B632}.Debug|iPhone.ActiveCfg = Debug|Any CPU
		{8B67662B-3F60-4109-ACF4-9ABD8C93B632}.Debug|iPhone.Build.0 = Debug|Any CPU
		{8B67662B-3F60-4109-ACF4-9ABD8C93B632}.Debug|iPhoneSimulator.ActiveCfg = Debug|Any CPU
		{8B67662B-3F60-4109-ACF4-9ABD8C93B632}.Debug|iPhoneSimulator.Build.0 = Debug|Any CPU
		{8B67662B-3F60-4109-ACF4-9ABD8C93B632}.Release|Any CPU.ActiveCfg = Release|Any CPU
		{8B67662B-3F60-4109-ACF4-9ABD8C93B632}.Release|Any CPU.Build.0 = Release|Any CPU
		{8B67662B-3F60-4109-ACF4-9ABD8C93B632}.Release|iPhone.ActiveCfg = Release|Any CPU
		{8B67662B-3F60-4109-ACF4-9ABD8C93B632}.Release|iPhone.Build.0 = Release|Any CPU
		{8B67662B-3F60-4109-ACF4-9ABD8C93B632}.Release|iPhoneSimulator.ActiveCfg = Release|Any CPU
		{8B67662B-3F60-4109-ACF4-9ABD8C93B632}.Release|iPhoneSimulator.Build.0 = Release|Any CPU
		{DEE13C15-598A-47E1-BB61-B850E8711D16}.Debug|Any CPU.ActiveCfg = Debug|Any CPU
		{DEE13C15-598A-47E1-BB61-B850E8711D16}.Debug|Any CPU.Build.0 = Debug|Any CPU
		{DEE13C15-598A-47E1-BB61-B850E8711D16}.Debug|Any CPU.Deploy.0 = Debug|Any CPU
		{DEE13C15-598A-47E1-BB61-B850E8711D16}.Debug|iPhone.ActiveCfg = Debug|Any CPU
		{DEE13C15-598A-47E1-BB61-B850E8711D16}.Debug|iPhone.Build.0 = Debug|Any CPU
		{DEE13C15-598A-47E1-BB61-B850E8711D16}.Debug|iPhone.Deploy.0 = Debug|Any CPU
		{DEE13C15-598A-47E1-BB61-B850E8711D16}.Debug|iPhoneSimulator.ActiveCfg = Debug|Any CPU
		{DEE13C15-598A-47E1-BB61-B850E8711D16}.Debug|iPhoneSimulator.Build.0 = Debug|Any CPU
		{DEE13C15-598A-47E1-BB61-B850E8711D16}.Debug|iPhoneSimulator.Deploy.0 = Debug|Any CPU
		{DEE13C15-598A-47E1-BB61-B850E8711D16}.Release|Any CPU.ActiveCfg = Release|Any CPU
		{DEE13C15-598A-47E1-BB61-B850E8711D16}.Release|Any CPU.Build.0 = Release|Any CPU
		{DEE13C15-598A-47E1-BB61-B850E8711D16}.Release|Any CPU.Deploy.0 = Release|Any CPU
		{DEE13C15-598A-47E1-BB61-B850E8711D16}.Release|iPhone.ActiveCfg = Release|Any CPU
		{DEE13C15-598A-47E1-BB61-B850E8711D16}.Release|iPhone.Build.0 = Release|Any CPU
		{DEE13C15-598A-47E1-BB61-B850E8711D16}.Release|iPhone.Deploy.0 = Release|Any CPU
		{DEE13C15-598A-47E1-BB61-B850E8711D16}.Release|iPhoneSimulator.ActiveCfg = Release|Any CPU
		{DEE13C15-598A-47E1-BB61-B850E8711D16}.Release|iPhoneSimulator.Build.0 = Release|Any CPU
		{DEE13C15-598A-47E1-BB61-B850E8711D16}.Release|iPhoneSimulator.Deploy.0 = Release|Any CPU
		{2FB6B787-D8E7-40F3-B859-5C47028D9835}.Debug|Any CPU.ActiveCfg = Debug|iPhoneSimulator
		{2FB6B787-D8E7-40F3-B859-5C47028D9835}.Debug|Any CPU.Build.0 = Debug|iPhoneSimulator
		{2FB6B787-D8E7-40F3-B859-5C47028D9835}.Debug|iPhone.ActiveCfg = Debug|iPhone
		{2FB6B787-D8E7-40F3-B859-5C47028D9835}.Debug|iPhone.Build.0 = Debug|iPhone
		{2FB6B787-D8E7-40F3-B859-5C47028D9835}.Debug|iPhoneSimulator.ActiveCfg = Debug|iPhoneSimulator
		{2FB6B787-D8E7-40F3-B859-5C47028D9835}.Debug|iPhoneSimulator.Build.0 = Debug|iPhoneSimulator
		{2FB6B787-D8E7-40F3-B859-5C47028D9835}.Release|Any CPU.ActiveCfg = Release|iPhoneSimulator
		{2FB6B787-D8E7-40F3-B859-5C47028D9835}.Release|Any CPU.Build.0 = Release|iPhoneSimulator
		{2FB6B787-D8E7-40F3-B859-5C47028D9835}.Release|iPhone.ActiveCfg = Release|iPhone
		{2FB6B787-D8E7-40F3-B859-5C47028D9835}.Release|iPhone.Build.0 = Release|iPhone
		{2FB6B787-D8E7-40F3-B859-5C47028D9835}.Release|iPhoneSimulator.ActiveCfg = Release|iPhoneSimulator
		{2FB6B787-D8E7-40F3-B859-5C47028D9835}.Release|iPhoneSimulator.Build.0 = Release|iPhoneSimulator
		{2D5BECD8-44F1-4C6E-97F7-74F1EE9C3010}.Debug|Any CPU.ActiveCfg = Debug|Any CPU
		{2D5BECD8-44F1-4C6E-97F7-74F1EE9C3010}.Debug|Any CPU.Build.0 = Debug|Any CPU
		{2D5BECD8-44F1-4C6E-97F7-74F1EE9C3010}.Debug|iPhone.ActiveCfg = Debug|Any CPU
		{2D5BECD8-44F1-4C6E-97F7-74F1EE9C3010}.Debug|iPhone.Build.0 = Debug|Any CPU
		{2D5BECD8-44F1-4C6E-97F7-74F1EE9C3010}.Debug|iPhoneSimulator.ActiveCfg = Debug|Any CPU
		{2D5BECD8-44F1-4C6E-97F7-74F1EE9C3010}.Debug|iPhoneSimulator.Build.0 = Debug|Any CPU
		{2D5BECD8-44F1-4C6E-97F7-74F1EE9C3010}.Release|Any CPU.ActiveCfg = Release|Any CPU
		{2D5BECD8-44F1-4C6E-97F7-74F1EE9C3010}.Release|Any CPU.Build.0 = Release|Any CPU
		{2D5BECD8-44F1-4C6E-97F7-74F1EE9C3010}.Release|iPhone.ActiveCfg = Release|Any CPU
		{2D5BECD8-44F1-4C6E-97F7-74F1EE9C3010}.Release|iPhone.Build.0 = Release|Any CPU
		{2D5BECD8-44F1-4C6E-97F7-74F1EE9C3010}.Release|iPhoneSimulator.ActiveCfg = Release|Any CPU
		{2D5BECD8-44F1-4C6E-97F7-74F1EE9C3010}.Release|iPhoneSimulator.Build.0 = Release|Any CPU
		{1EE3C23C-8673-4C3C-BE73-AA760F697B0B}.Debug|Any CPU.ActiveCfg = Debug|Any CPU
		{1EE3C23C-8673-4C3C-BE73-AA760F697B0B}.Debug|Any CPU.Build.0 = Debug|Any CPU
		{1EE3C23C-8673-4C3C-BE73-AA760F697B0B}.Debug|iPhone.ActiveCfg = Debug|Any CPU
		{1EE3C23C-8673-4C3C-BE73-AA760F697B0B}.Debug|iPhone.Build.0 = Debug|Any CPU
		{1EE3C23C-8673-4C3C-BE73-AA760F697B0B}.Debug|iPhoneSimulator.ActiveCfg = Debug|Any CPU
		{1EE3C23C-8673-4C3C-BE73-AA760F697B0B}.Debug|iPhoneSimulator.Build.0 = Debug|Any CPU
		{1EE3C23C-8673-4C3C-BE73-AA760F697B0B}.Release|Any CPU.ActiveCfg = Release|Any CPU
		{1EE3C23C-8673-4C3C-BE73-AA760F697B0B}.Release|Any CPU.Build.0 = Release|Any CPU
		{1EE3C23C-8673-4C3C-BE73-AA760F697B0B}.Release|iPhone.ActiveCfg = Release|Any CPU
		{1EE3C23C-8673-4C3C-BE73-AA760F697B0B}.Release|iPhone.Build.0 = Release|Any CPU
		{1EE3C23C-8673-4C3C-BE73-AA760F697B0B}.Release|iPhoneSimulator.ActiveCfg = Release|Any CPU
		{1EE3C23C-8673-4C3C-BE73-AA760F697B0B}.Release|iPhoneSimulator.Build.0 = Release|Any CPU
		{F4B3E642-FD25-45AB-BF40-DC61953D9E6B}.Debug|Any CPU.ActiveCfg = Debug|Any CPU
		{F4B3E642-FD25-45AB-BF40-DC61953D9E6B}.Debug|Any CPU.Build.0 = Debug|Any CPU
		{F4B3E642-FD25-45AB-BF40-DC61953D9E6B}.Debug|iPhone.ActiveCfg = Debug|Any CPU
		{F4B3E642-FD25-45AB-BF40-DC61953D9E6B}.Debug|iPhone.Build.0 = Debug|Any CPU
		{F4B3E642-FD25-45AB-BF40-DC61953D9E6B}.Debug|iPhoneSimulator.ActiveCfg = Debug|Any CPU
		{F4B3E642-FD25-45AB-BF40-DC61953D9E6B}.Debug|iPhoneSimulator.Build.0 = Debug|Any CPU
		{F4B3E642-FD25-45AB-BF40-DC61953D9E6B}.Release|Any CPU.ActiveCfg = Release|Any CPU
		{F4B3E642-FD25-45AB-BF40-DC61953D9E6B}.Release|Any CPU.Build.0 = Release|Any CPU
		{F4B3E642-FD25-45AB-BF40-DC61953D9E6B}.Release|iPhone.ActiveCfg = Release|Any CPU
		{F4B3E642-FD25-45AB-BF40-DC61953D9E6B}.Release|iPhone.Build.0 = Release|Any CPU
		{F4B3E642-FD25-45AB-BF40-DC61953D9E6B}.Release|iPhoneSimulator.ActiveCfg = Release|Any CPU
		{F4B3E642-FD25-45AB-BF40-DC61953D9E6B}.Release|iPhoneSimulator.Build.0 = Release|Any CPU
		{746CD883-629E-47C7-B5CA-C1E646AD3291}.Debug|Any CPU.ActiveCfg = Debug|Any CPU
		{746CD883-629E-47C7-B5CA-C1E646AD3291}.Debug|Any CPU.Build.0 = Debug|Any CPU
		{746CD883-629E-47C7-B5CA-C1E646AD3291}.Debug|Any CPU.Deploy.0 = Debug|Any CPU
		{746CD883-629E-47C7-B5CA-C1E646AD3291}.Debug|iPhone.ActiveCfg = Debug|Any CPU
		{746CD883-629E-47C7-B5CA-C1E646AD3291}.Debug|iPhone.Build.0 = Debug|Any CPU
		{746CD883-629E-47C7-B5CA-C1E646AD3291}.Debug|iPhone.Deploy.0 = Debug|Any CPU
		{746CD883-629E-47C7-B5CA-C1E646AD3291}.Debug|iPhoneSimulator.ActiveCfg = Debug|Any CPU
		{746CD883-629E-47C7-B5CA-C1E646AD3291}.Debug|iPhoneSimulator.Build.0 = Debug|Any CPU
		{746CD883-629E-47C7-B5CA-C1E646AD3291}.Debug|iPhoneSimulator.Deploy.0 = Debug|Any CPU
		{746CD883-629E-47C7-B5CA-C1E646AD3291}.Release|Any CPU.ActiveCfg = Release|Any CPU
		{746CD883-629E-47C7-B5CA-C1E646AD3291}.Release|Any CPU.Build.0 = Release|Any CPU
		{746CD883-629E-47C7-B5CA-C1E646AD3291}.Release|Any CPU.Deploy.0 = Release|Any CPU
		{746CD883-629E-47C7-B5CA-C1E646AD3291}.Release|iPhone.ActiveCfg = Release|Any CPU
		{746CD883-629E-47C7-B5CA-C1E646AD3291}.Release|iPhone.Build.0 = Release|Any CPU
		{746CD883-629E-47C7-B5CA-C1E646AD3291}.Release|iPhone.Deploy.0 = Release|Any CPU
		{746CD883-629E-47C7-B5CA-C1E646AD3291}.Release|iPhoneSimulator.ActiveCfg = Release|Any CPU
		{746CD883-629E-47C7-B5CA-C1E646AD3291}.Release|iPhoneSimulator.Build.0 = Release|Any CPU
		{746CD883-629E-47C7-B5CA-C1E646AD3291}.Release|iPhoneSimulator.Deploy.0 = Release|Any CPU
	EndGlobalSection
	GlobalSection(SolutionProperties) = preSolution
		HideSolutionNode = FALSE
	EndGlobalSection
	GlobalSection(ExtensibilityGlobals) = postSolution
		SolutionGuid = {08DE7BE6-D0FA-48E7-8001-DD9B7212AF6D}
	EndGlobalSection
EndGlobal
