
Microsoft Visual Studio Solution File, Format Version 12.00
# Visual Studio Version 17
VisualStudioVersion = 17.4.33213.308
MinimumVisualStudioVersion = 10.0.40219.1
Project("{FAE04EC0-301F-11D3-BF4B-00C04F79EFBC}") = "labBD", "labBD\labBD.csproj", "{A5EC16BD-8D9C-409A-A08F-95C88B61C6D0}"
EndProject
Global
	GlobalSection(SolutionConfigurationPlatforms) = preSolution
		Debug|Any CPU = Debug|Any CPU
		Release|Any CPU = Release|Any CPU
	EndGlobalSection
	GlobalSection(ProjectConfigurationPlatforms) = postSolution
		{A5EC16BD-8D9C-409A-A08F-95C88B61C6D0}.Debug|Any CPU.ActiveCfg = Debug|Any CPU
		{A5EC16BD-8D9C-409A-A08F-95C88B61C6D0}.Debug|Any CPU.Build.0 = Debug|Any CPU
		{A5EC16BD-8D9C-409A-A08F-95C88B61C6D0}.Release|Any CPU.ActiveCfg = Release|Any CPU
		{A5EC16BD-8D9C-409A-A08F-95C88B61C6D0}.Release|Any CPU.Build.0 = Release|Any CPU
	EndGlobalSection
	GlobalSection(SolutionProperties) = preSolution
		HideSolutionNode = FALSE
	EndGlobalSection
	GlobalSection(ExtensibilityGlobals) = postSolution
		SolutionGuid = {B2A26C2D-2840-45DE-B355-F519D0983B75}
	EndGlobalSection
EndGlobal
