
Microsoft Visual Studio Solution File, Format Version 12.00
# Visual Studio Version 17
VisualStudioVersion = 17.4.33213.308
MinimumVisualStudioVersion = 10.0.40219.1
Project("{FAE04EC0-301F-11D3-BF4B-00C04F79EFBC}") = "lab24", "lab24\lab24.csproj", "{54BC4FB2-D488-4FEF-8202-7753FC937D52}"
EndProject
Global
	GlobalSection(SolutionConfigurationPlatforms) = preSolution
		Debug|Any CPU = Debug|Any CPU
		Release|Any CPU = Release|Any CPU
	EndGlobalSection
	GlobalSection(ProjectConfigurationPlatforms) = postSolution
		{54BC4FB2-D488-4FEF-8202-7753FC937D52}.Debug|Any CPU.ActiveCfg = Debug|Any CPU
		{54BC4FB2-D488-4FEF-8202-7753FC937D52}.Debug|Any CPU.Build.0 = Debug|Any CPU
		{54BC4FB2-D488-4FEF-8202-7753FC937D52}.Release|Any CPU.ActiveCfg = Release|Any CPU
		{54BC4FB2-D488-4FEF-8202-7753FC937D52}.Release|Any CPU.Build.0 = Release|Any CPU
	EndGlobalSection
	GlobalSection(SolutionProperties) = preSolution
		HideSolutionNode = FALSE
	EndGlobalSection
	GlobalSection(ExtensibilityGlobals) = postSolution
		SolutionGuid = {75079D58-CFE7-44B5-B47F-69E08F1AA3BD}
	EndGlobalSection
EndGlobal
